{
  "version": 4,
  "terraform_version": "1.11.4",
  "serial": 222,
  "lineage": "d3a7a231-01df-60f2-c0f2-228899573e10",
  "outputs": {
    "k8s_master_ip": {
      "value": "192.168.0.217",
      "type": "string"
    },
    "k8s_worker1_ip": {
      "value": "192.168.0.129",
      "type": "string"
    },
    "k8s_worker2_ip": {
      "value": "192.168.0.160",
      "type": "string"
    },
    "k8s_worker3_ip": {
      "value": "192.168.0.241",
      "type": "string"
    }
  },
  "resources": [
    {
      "mode": "managed",
      "type": "proxmox_vm_qemu",
      "name": "master",
      "provider": "provider[\"registry.terraform.io/telmate/proxmox\"]",
      "instances": [
        {
          "schema_version": 0,
          "attributes": {
            "additional_wait": 5,
            "agent": 1,
            "args": "",
            "automatic_reboot": true,
            "balloon": 0,
            "bios": "seabios",
            "boot": "c",
            "bootdisk": "virtio0",
            "bridge": null,
            "ci_wait": null,
            "cicustom": "",
            "cipassword": "",
            "ciuser": "jason",
            "clone": "ubuntu-2204-cloudinit-template",
            "clone_wait": 10,
            "cloudinit_cdrom_storage": null,
            "cores": 2,
            "cpu": "host",
            "default_ipv4_address": "192.168.0.217",
            "define_connection_info": true,
            "desc": "",
            "disk": [
              {
                "aio": "",
                "backup": true,
                "cache": "none",
                "discard": "on",
                "file": "vm-102-disk-0",
                "format": "raw",
                "iops": 0,
                "iops_max": 0,
                "iops_max_length": 0,
                "iops_rd": 0,
                "iops_rd_max": 0,
                "iops_rd_max_length": 0,
                "iops_wr": 0,
                "iops_wr_max": 0,
                "iops_wr_max_length": 0,
                "iothread": 0,
                "mbps": 0,
                "mbps_rd": 0,
                "mbps_rd_max": 0,
                "mbps_wr": 0,
                "mbps_wr_max": 0,
                "media": "",
                "replicate": 0,
                "size": "32G",
                "slot": 0,
                "ssd": 0,
                "storage": "ADATA-1TB",
                "storage_type": "lvm",
                "type": "virtio",
                "volume": "ADATA-1TB:vm-102-disk-0"
              }
            ],
            "disk_gb": null,
            "force_create": false,
            "force_recreate_on_change_of": null,
            "full_clone": true,
            "guest_agent_ready_timeout": 100,
            "hagroup": "",
            "hastate": "",
            "hostpci": [],
            "hotplug": "network,disk,usb",
            "id": "k3d-pve/qemu/102",
            "ipconfig0": "ip=dhcp",
            "ipconfig1": "",
            "ipconfig10": "",
            "ipconfig11": "",
            "ipconfig12": "",
            "ipconfig13": "",
            "ipconfig14": "",
            "ipconfig15": "",
            "ipconfig2": "",
            "ipconfig3": "",
            "ipconfig4": "",
            "ipconfig5": "",
            "ipconfig6": "",
            "ipconfig7": "",
            "ipconfig8": "",
            "ipconfig9": "",
            "iso": null,
            "kvm": true,
            "mac": null,
            "machine": "",
            "memory": 4096,
            "name": "k8s-master",
            "nameserver": "",
            "network": [
              {
                "bridge": "vmbr0",
                "firewall": false,
                "link_down": false,
                "macaddr": "36:79:90:F4:5D:27",
                "model": "virtio",
                "mtu": 0,
                "queues": 0,
                "rate": 0,
                "tag": -1
              }
            ],
            "nic": null,
            "numa": false,
            "onboot": false,
            "oncreate": true,
            "os_network_config": null,
            "os_type": null,
            "pool": "",
            "preprovision": true,
            "pxe": null,
            "qemu_os": "l26",
            "reboot_required": false,
            "scsihw": "lsi",
            "searchdomain": "",
            "serial": [],
            "sockets": 1,
            "ssh_forward_ip": null,
            "ssh_host": "192.168.0.217",
            "ssh_port": "22",
            "ssh_private_key": null,
            "ssh_user": null,
            "sshkeys": "ssh-rsa AAAAB3NzaC1yc2EAAAADAQABAAACAQDnEpi2EgBYbHi6mI0kXT3dPRHKHDE5UOopYuddeTga1ZN1lgDUSp81WLXtxMpumy8s0R/ZJb0I15NtK61CB1fF8mMzf1M00p3fFdanonI2NFpF5qSiOj7UyN5RWb23CSxhrg4Qrtc5I5/6+EPNUk8ffi/oJMjO7Z60beOIqrfXuh78zQ5txSoqxc1mV7VE3VaAduwK4vg5fpHmpPbzoDOXkbfVTsvsCanGgFSe0L6nwcZVLZaG6tklsDdw5F4YoVIWK0vpHttBHfGOrCCClsop8AwtOafIxuVZ56lfTZQ9T0K7F34DJxj5myIQ60iIr6n6zs2GZa0k3w5/xDUfbHhy04vl7/8UKuO1r7MWB/qJOKimqaFQkPcStTLBH/wwubxlLde0IFuwV1NBksHjY0hSH2EfMdwAQTqRwqqf5zLZ2lPi+4FV+NpCaZM1mQ27zUy+4Q+KDa/3leDibtYdZURWV2fRlPo2cRut8nH3lpAZxwH5vBlPs+Oy8Tzv+IuoDvSHdhRg5yVl47EKQ+qaURV40vC38XMVWQa/OQXHSU4wUI2v8V49yLdSLeC92XGWz1vn77Bq5PDAn/4kJuTrF/ai4Ynk4Ce5CO5SbM/2IvCbFYeQNVLCq5hqVRH9DNMslHQh4O7MGrnge365kH5P6EQQDaQ3vkIDB3luKL7jH6EQtQ== deth2@Jason\n\n\n\n\n\n\n\n\n\n\n\n\n\n\n\n\n\n\n\n\n",
            "startup": "",
            "storage": null,
            "storage_type": null,
            "tablet": true,
            "tags": "22.04;cloudinit;ubuntu-template",
            "target_node": "k3d-pve",
            "timeouts": null,
            "unused_disk": [],
            "usb": [],
            "vcpus": 0,
            "vga": [],
            "vlan": -1,
            "vmid": null
          },
          "sensitive_attributes": [
            [
              {
                "type": "get_attr",
                "value": "cipassword"
              }
            ],
            [
              {
                "type": "get_attr",
                "value": "ssh_private_key"
              }
            ]
          ],
          "private": "eyJlMmJmYjczMC1lY2FhLTExZTYtOGY4OC0zNDM2M2JjN2M0YzAiOnsiY3JlYXRlIjoxMjAwMDAwMDAwMDAwLCJkZWZhdWx0IjoxMjAwMDAwMDAwMDAwLCJkZWxldGUiOjEyMDAwMDAwMDAwMDAsInJlYWQiOjEyMDAwMDAwMDAwMDAsInVwZGF0ZSI6MTIwMDAwMDAwMDAwMH19"
        }
      ]
    },
    {
      "mode": "managed",
      "type": "proxmox_vm_qemu",
      "name": "worker1",
      "provider": "provider[\"registry.terraform.io/telmate/proxmox\"]",
      "instances": [
        {
          "schema_version": 0,
          "attributes": {
            "additional_wait": 5,
            "agent": 1,
            "args": "",
            "automatic_reboot": true,
            "balloon": 0,
            "bios": "seabios",
            "boot": "c",
            "bootdisk": "virtio0",
            "bridge": null,
            "ci_wait": null,
            "cicustom": "",
            "cipassword": "",
            "ciuser": "jason",
            "clone": "ubuntu-2204-cloudinit-template",
            "clone_wait": 10,
            "cloudinit_cdrom_storage": null,
            "cores": 2,
            "cpu": "host",
            "default_ipv4_address": "192.168.0.129",
            "define_connection_info": true,
            "desc": "",
            "disk": [],
            "disk_gb": null,
            "force_create": false,
            "force_recreate_on_change_of": null,
            "full_clone": true,
            "guest_agent_ready_timeout": 100,
            "hagroup": "",
            "hastate": "",
            "hostpci": [],
            "hotplug": "network,disk,usb",
            "id": "k3d-pve/qemu/100",
            "ipconfig0": "ip=dhcp",
            "ipconfig1": "",
            "ipconfig10": "",
            "ipconfig11": "",
            "ipconfig12": "",
            "ipconfig13": "",
            "ipconfig14": "",
            "ipconfig15": "",
            "ipconfig2": "",
            "ipconfig3": "",
            "ipconfig4": "",
            "ipconfig5": "",
            "ipconfig6": "",
            "ipconfig7": "",
            "ipconfig8": "",
            "ipconfig9": "",
            "iso": null,
            "kvm": true,
            "mac": null,
            "machine": "",
            "memory": 4096,
            "name": "k8s-worker1",
            "nameserver": "",
            "network": [
              {
                "bridge": "vmbr0",
                "firewall": false,
                "link_down": false,
                "macaddr": "06:33:D3:25:96:8E",
                "model": "virtio",
                "mtu": 0,
                "queues": 0,
                "rate": 0,
                "tag": -1
              }
            ],
            "nic": null,
            "numa": false,
            "onboot": false,
            "oncreate": true,
            "os_network_config": null,
            "os_type": null,
            "pool": "",
            "preprovision": true,
            "pxe": null,
            "qemu_os": "",
            "reboot_required": false,
            "scsihw": "lsi",
            "searchdomain": "",
            "serial": [],
            "sockets": 1,
            "ssh_forward_ip": null,
            "ssh_host": "192.168.0.129",
            "ssh_port": "22",
            "ssh_private_key": null,
            "ssh_user": null,
            "sshkeys": "ssh-rsa AAAAB3NzaC1yc2EAAAADAQABAAACAQDnEpi2EgBYbHi6mI0kXT3dPRHKHDE5UOopYuddeTga1ZN1lgDUSp81WLXtxMpumy8s0R/ZJb0I15NtK61CB1fF8mMzf1M00p3fFdanonI2NFpF5qSiOj7UyN5RWb23CSxhrg4Qrtc5I5/6+EPNUk8ffi/oJMjO7Z60beOIqrfXuh78zQ5txSoqxc1mV7VE3VaAduwK4vg5fpHmpPbzoDOXkbfVTsvsCanGgFSe0L6nwcZVLZaG6tklsDdw5F4YoVIWK0vpHttBHfGOrCCClsop8AwtOafIxuVZ56lfTZQ9T0K7F34DJxj5myIQ60iIr6n6zs2GZa0k3w5/xDUfbHhy04vl7/8UKuO1r7MWB/qJOKimqaFQkPcStTLBH/wwubxlLde0IFuwV1NBksHjY0hSH2EfMdwAQTqRwqqf5zLZ2lPi+4FV+NpCaZM1mQ27zUy+4Q+KDa/3leDibtYdZURWV2fRlPo2cRut8nH3lpAZxwH5vBlPs+Oy8Tzv+IuoDvSHdhRg5yVl47EKQ+qaURV40vC38XMVWQa/OQXHSU4wUI2v8V49yLdSLeC92XGWz1vn77Bq5PDAn/4kJuTrF/ai4Ynk4Ce5CO5SbM/2IvCbFYeQNVLCq5hqVRH9DNMslHQh4O7MGrnge365kH5P6EQQDaQ3vkIDB3luKL7jH6EQtQ== deth2@Jason\n\n\n\n\n\n\n\n\n\n\n\n\n\n\n\n\n\n\n",
            "startup": "",
            "storage": null,
            "storage_type": null,
            "tablet": true,
            "tags": "",
            "target_node": "k3d-pve",
            "timeouts": null,
            "unused_disk": [],
            "usb": [],
            "vcpus": 0,
            "vga": [],
            "vlan": -1,
            "vmid": null
          },
          "sensitive_attributes": [
            [
              {
                "type": "get_attr",
                "value": "ssh_private_key"
              }
            ],
            [
              {
                "type": "get_attr",
                "value": "cipassword"
              }
            ]
          ],
          "private": "eyJlMmJmYjczMC1lY2FhLTExZTYtOGY4OC0zNDM2M2JjN2M0YzAiOnsiY3JlYXRlIjoxMjAwMDAwMDAwMDAwLCJkZWZhdWx0IjoxMjAwMDAwMDAwMDAwLCJkZWxldGUiOjEyMDAwMDAwMDAwMDAsInJlYWQiOjEyMDAwMDAwMDAwMDAsInVwZGF0ZSI6MTIwMDAwMDAwMDAwMH19"
        }
      ]
    },
    {
      "mode": "managed",
      "type": "proxmox_vm_qemu",
      "name": "worker2",
      "provider": "provider[\"registry.terraform.io/telmate/proxmox\"]",
      "instances": [
        {
          "schema_version": 0,
          "attributes": {
            "additional_wait": 5,
            "agent": 1,
            "args": "",
            "automatic_reboot": true,
            "balloon": 0,
            "bios": "seabios",
            "boot": "c",
            "bootdisk": "virtio0",
            "bridge": null,
            "ci_wait": null,
            "cicustom": "",
            "cipassword": "",
            "ciuser": "jason",
            "clone": "ubuntu-2204-cloudinit-template",
            "clone_wait": 10,
            "cloudinit_cdrom_storage": null,
            "cores": 2,
            "cpu": "host",
            "default_ipv4_address": "192.168.0.160",
            "define_connection_info": true,
            "desc": "",
            "disk": [
              {
                "aio": "",
                "backup": true,
                "cache": "none",
                "discard": "on",
                "file": "vm-103-disk-0",
                "format": "raw",
                "iops": 0,
                "iops_max": 0,
                "iops_max_length": 0,
                "iops_rd": 0,
                "iops_rd_max": 0,
                "iops_rd_max_length": 0,
                "iops_wr": 0,
                "iops_wr_max": 0,
                "iops_wr_max_length": 0,
                "iothread": 0,
                "mbps": 0,
                "mbps_rd": 0,
                "mbps_rd_max": 0,
                "mbps_wr": 0,
                "mbps_wr_max": 0,
                "media": "",
                "replicate": 0,
                "size": "32G",
                "slot": 0,
                "ssd": 0,
                "storage": "ADATA-1TB",
                "storage_type": "lvm",
                "type": "virtio",
                "volume": "ADATA-1TB:vm-103-disk-0"
              }
            ],
            "disk_gb": null,
            "force_create": false,
            "force_recreate_on_change_of": null,
            "full_clone": true,
            "guest_agent_ready_timeout": 100,
            "hagroup": "",
            "hastate": "",
            "hostpci": [],
            "hotplug": "network,disk,usb",
            "id": "k3d-pve/qemu/103",
            "ipconfig0": "ip=dhcp",
            "ipconfig1": "",
            "ipconfig10": "",
            "ipconfig11": "",
            "ipconfig12": "",
            "ipconfig13": "",
            "ipconfig14": "",
            "ipconfig15": "",
            "ipconfig2": "",
            "ipconfig3": "",
            "ipconfig4": "",
            "ipconfig5": "",
            "ipconfig6": "",
            "ipconfig7": "",
            "ipconfig8": "",
            "ipconfig9": "",
            "iso": null,
            "kvm": true,
            "mac": null,
            "machine": "",
            "memory": 4096,
            "name": "k8s-worker2",
            "nameserver": "",
            "network": [
              {
                "bridge": "vmbr0",
                "firewall": false,
                "link_down": false,
                "macaddr": "3A:3C:B5:50:F9:F4",
                "model": "virtio",
                "mtu": 0,
                "queues": 0,
                "rate": 0,
                "tag": -1
              }
            ],
            "nic": null,
            "numa": false,
            "onboot": false,
            "oncreate": true,
            "os_network_config": null,
            "os_type": null,
            "pool": "",
            "preprovision": true,
            "pxe": null,
            "qemu_os": "l26",
            "reboot_required": false,
            "scsihw": "lsi",
            "searchdomain": "",
            "serial": [],
            "sockets": 1,
            "ssh_forward_ip": null,
            "ssh_host": "192.168.0.160",
            "ssh_port": "22",
            "ssh_private_key": null,
            "ssh_user": null,
            "sshkeys": "ssh-rsa AAAAB3NzaC1yc2EAAAADAQABAAACAQDnEpi2EgBYbHi6mI0kXT3dPRHKHDE5UOopYuddeTga1ZN1lgDUSp81WLXtxMpumy8s0R/ZJb0I15NtK61CB1fF8mMzf1M00p3fFdanonI2NFpF5qSiOj7UyN5RWb23CSxhrg4Qrtc5I5/6+EPNUk8ffi/oJMjO7Z60beOIqrfXuh78zQ5txSoqxc1mV7VE3VaAduwK4vg5fpHmpPbzoDOXkbfVTsvsCanGgFSe0L6nwcZVLZaG6tklsDdw5F4YoVIWK0vpHttBHfGOrCCClsop8AwtOafIxuVZ56lfTZQ9T0K7F34DJxj5myIQ60iIr6n6zs2GZa0k3w5/xDUfbHhy04vl7/8UKuO1r7MWB/qJOKimqaFQkPcStTLBH/wwubxlLde0IFuwV1NBksHjY0hSH2EfMdwAQTqRwqqf5zLZ2lPi+4FV+NpCaZM1mQ27zUy+4Q+KDa/3leDibtYdZURWV2fRlPo2cRut8nH3lpAZxwH5vBlPs+Oy8Tzv+IuoDvSHdhRg5yVl47EKQ+qaURV40vC38XMVWQa/OQXHSU4wUI2v8V49yLdSLeC92XGWz1vn77Bq5PDAn/4kJuTrF/ai4Ynk4Ce5CO5SbM/2IvCbFYeQNVLCq5hqVRH9DNMslHQh4O7MGrnge365kH5P6EQQDaQ3vkIDB3luKL7jH6EQtQ== deth2@Jason\n\n\n\n\n\n\n\n\n\n\n\n\n\n\n\n\n\n\n\n",
            "startup": "",
            "storage": null,
            "storage_type": null,
            "tablet": true,
            "tags": "22.04;cloudinit;ubuntu-template",
            "target_node": "k3d-pve",
            "timeouts": null,
            "unused_disk": [],
            "usb": [],
            "vcpus": 0,
            "vga": [],
            "vlan": -1,
            "vmid": null
          },
          "sensitive_attributes": [
            [
              {
                "type": "get_attr",
                "value": "ssh_private_key"
              }
            ],
            [
              {
                "type": "get_attr",
                "value": "cipassword"
              }
            ]
          ],
          "private": "eyJlMmJmYjczMC1lY2FhLTExZTYtOGY4OC0zNDM2M2JjN2M0YzAiOnsiY3JlYXRlIjoxMjAwMDAwMDAwMDAwLCJkZWZhdWx0IjoxMjAwMDAwMDAwMDAwLCJkZWxldGUiOjEyMDAwMDAwMDAwMDAsInJlYWQiOjEyMDAwMDAwMDAwMDAsInVwZGF0ZSI6MTIwMDAwMDAwMDAwMH19"
        }
      ]
    },
    {
      "mode": "managed",
      "type": "proxmox_vm_qemu",
      "name": "worker3",
      "provider": "provider[\"registry.terraform.io/telmate/proxmox\"]",
      "instances": [
        {
          "schema_version": 0,
          "attributes": {
            "additional_wait": 5,
            "agent": 1,
            "args": "",
            "automatic_reboot": true,
            "balloon": 0,
            "bios": "seabios",
            "boot": "c",
            "bootdisk": "virtio0",
            "bridge": null,
            "ci_wait": null,
            "cicustom": "",
            "cipassword": "",
            "ciuser": "jason",
            "clone": "ubuntu-2204-cloudinit-template",
            "clone_wait": 10,
            "cloudinit_cdrom_storage": null,
            "cores": 2,
            "cpu": "host",
            "default_ipv4_address": "192.168.0.241",
            "define_connection_info": true,
            "desc": "",
            "disk": [
              {
                "aio": "",
                "backup": true,
                "cache": "none",
                "discard": "on",
                "file": "vm-101-disk-0",
                "format": "raw",
                "iops": 0,
                "iops_max": 0,
                "iops_max_length": 0,
                "iops_rd": 0,
                "iops_rd_max": 0,
                "iops_rd_max_length": 0,
                "iops_wr": 0,
                "iops_wr_max": 0,
                "iops_wr_max_length": 0,
                "iothread": 0,
                "mbps": 0,
                "mbps_rd": 0,
                "mbps_rd_max": 0,
                "mbps_wr": 0,
                "mbps_wr_max": 0,
                "media": "",
                "replicate": 0,
                "size": "32G",
                "slot": 0,
                "ssd": 0,
                "storage": "ADATA-1TB",
                "storage_type": "lvm",
                "type": "virtio",
                "volume": "ADATA-1TB:vm-101-disk-0"
              }
            ],
            "disk_gb": null,
            "force_create": false,
            "force_recreate_on_change_of": null,
            "full_clone": true,
            "guest_agent_ready_timeout": 100,
            "hagroup": "",
            "hastate": "",
            "hostpci": [],
            "hotplug": "network,disk,usb",
            "id": "k3d-pve/qemu/101",
            "ipconfig0": "ip=dhcp",
            "ipconfig1": "",
            "ipconfig10": "",
            "ipconfig11": "",
            "ipconfig12": "",
            "ipconfig13": "",
            "ipconfig14": "",
            "ipconfig15": "",
            "ipconfig2": "",
            "ipconfig3": "",
            "ipconfig4": "",
            "ipconfig5": "",
            "ipconfig6": "",
            "ipconfig7": "",
            "ipconfig8": "",
            "ipconfig9": "",
            "iso": null,
            "kvm": true,
            "mac": null,
            "machine": "",
            "memory": 4096,
            "name": "k8s-worker3",
            "nameserver": "",
            "network": [
              {
                "bridge": "vmbr0",
                "firewall": false,
                "link_down": false,
                "macaddr": "9A:3E:0A:AE:4E:22",
                "model": "virtio",
                "mtu": 0,
                "queues": 0,
                "rate": 0,
                "tag": -1
              }
            ],
            "nic": null,
            "numa": false,
            "onboot": false,
            "oncreate": true,
            "os_network_config": null,
            "os_type": null,
            "pool": "",
            "preprovision": true,
            "pxe": null,
            "qemu_os": "l26",
            "reboot_required": false,
            "scsihw": "lsi",
            "searchdomain": "",
            "serial": [],
            "sockets": 1,
            "ssh_forward_ip": null,
            "ssh_host": "192.168.0.241",
            "ssh_port": "22",
            "ssh_private_key": null,
            "ssh_user": null,
            "sshkeys": "ssh-rsa AAAAB3NzaC1yc2EAAAADAQABAAACAQDnEpi2EgBYbHi6mI0kXT3dPRHKHDE5UOopYuddeTga1ZN1lgDUSp81WLXtxMpumy8s0R/ZJb0I15NtK61CB1fF8mMzf1M00p3fFdanonI2NFpF5qSiOj7UyN5RWb23CSxhrg4Qrtc5I5/6+EPNUk8ffi/oJMjO7Z60beOIqrfXuh78zQ5txSoqxc1mV7VE3VaAduwK4vg5fpHmpPbzoDOXkbfVTsvsCanGgFSe0L6nwcZVLZaG6tklsDdw5F4YoVIWK0vpHttBHfGOrCCClsop8AwtOafIxuVZ56lfTZQ9T0K7F34DJxj5myIQ60iIr6n6zs2GZa0k3w5/xDUfbHhy04vl7/8UKuO1r7MWB/qJOKimqaFQkPcStTLBH/wwubxlLde0IFuwV1NBksHjY0hSH2EfMdwAQTqRwqqf5zLZ2lPi+4FV+NpCaZM1mQ27zUy+4Q+KDa/3leDibtYdZURWV2fRlPo2cRut8nH3lpAZxwH5vBlPs+Oy8Tzv+IuoDvSHdhRg5yVl47EKQ+qaURV40vC38XMVWQa/OQXHSU4wUI2v8V49yLdSLeC92XGWz1vn77Bq5PDAn/4kJuTrF/ai4Ynk4Ce5CO5SbM/2IvCbFYeQNVLCq5hqVRH9DNMslHQh4O7MGrnge365kH5P6EQQDaQ3vkIDB3luKL7jH6EQtQ== deth2@Jason\n\n\n\n\n\n\n\n\n\n\n\n\n\n\n\n\n\n\n\n\n",
            "startup": "",
            "storage": null,
            "storage_type": null,
            "tablet": true,
            "tags": "22.04;cloudinit;ubuntu-template",
            "target_node": "k3d-pve",
            "timeouts": null,
            "unused_disk": [],
            "usb": [],
            "vcpus": 0,
            "vga": [],
            "vlan": -1,
            "vmid": null
          },
          "sensitive_attributes": [
            [
              {
                "type": "get_attr",
                "value": "ssh_private_key"
              }
            ],
            [
              {
                "type": "get_attr",
                "value": "cipassword"
              }
            ]
          ],
          "private": "eyJlMmJmYjczMC1lY2FhLTExZTYtOGY4OC0zNDM2M2JjN2M0YzAiOnsiY3JlYXRlIjoxMjAwMDAwMDAwMDAwLCJkZWZhdWx0IjoxMjAwMDAwMDAwMDAwLCJkZWxldGUiOjEyMDAwMDAwMDAwMDAsInJlYWQiOjEyMDAwMDAwMDAwMDAsInVwZGF0ZSI6MTIwMDAwMDAwMDAwMH19"
        }
      ]
    }
  ],
  "check_results": null
}
